# THIS IS AN AUTOGENERATED FILE. DO NOT EDIT THIS FILE DIRECTLY.
# yarn lockfile v1


jsqr@^1.4.0:
  version "1.4.0"
  resolved "https://mirrors.cloud.tencent.com/npm/jsqr/-/jsqr-1.4.0.tgz"
  integrity sha512-dxLob7q65Xg2DvstYkRpkYtmKm2sPJ9oFhrhmudT1dZvNFFTlroai3AWSpLey/w5vMcLBXRgOJsbXpdN9HzU/A==

moment@^2.30.1:
  version "2.30.1"
  resolved "https://mirrors.cloud.tencent.com/npm/moment/-/moment-2.30.1.tgz"
  integrity sha512-uEmtNhbDOrWPFS+hdjFCBfy9f2YoyzRpwcl+DqpC6taX21FzsTLQVbMV/W7PzNSX6x/bhC1zA3c2UQ5NzH6how==

thorui-uni@^3.0.0:
  version "3.0.0"
  resolved "https://mirrors.cloud.tencent.com/npm/thorui-uni/-/thorui-uni-3.0.0.tgz"
  integrity sha512-ltxXobSu0RmgD4CdWFdsq6siSah0gbpvCVfH1DwhEO4KSgsG9nDpQWX1X4HAy5Upr8qw3mJfpLR42teZmc9XRQ==
